
Microsoft Visual Studio Solution File, Format Version 12.00
Project("{FAE04EC0-301F-11D3-BF4B-00C04F79EFBC}") = "Parcare_1", "Parcare_1\Parcare_1.csproj", "{5D435A0C-F11F-4565-9971-9234CA59146F}"
EndProject
Global
	GlobalSection(SolutionConfigurationPlatforms) = preSolution
		Debug|Any CPU = Debug|Any CPU
		Release|Any CPU = Release|Any CPU
	EndGlobalSection
	GlobalSection(ProjectConfigurationPlatforms) = postSolution
		{5D435A0C-F11F-4565-9971-9234CA59146F}.Debug|Any CPU.ActiveCfg = Debug|Any CPU
		{5D435A0C-F11F-4565-9971-9234CA59146F}.Debug|Any CPU.Build.0 = Debug|Any CPU
		{5D435A0C-F11F-4565-9971-9234CA59146F}.Release|Any CPU.ActiveCfg = Release|Any CPU
		{5D435A0C-F11F-4565-9971-9234CA59146F}.Release|Any CPU.Build.0 = Release|Any CPU
	EndGlobalSection
EndGlobal
